Microsoft Visual Studio Solution File, Format Version 12.00
# Visual Studio Version 17
VisualStudioVersion = 17.5.2.0
MinimumVisualStudioVersion = 10.0.40219.1
Project("{FAE04EC0-301F-11D3-BF4B-00C04F79EFBC}") = "KnowledgeBox.Auth", "src\KnowledgeBox.Auth.csproj", "{25269E1B-542D-09CB-384A-3030E507A81F}"
EndProject
Global
	GlobalSection(SolutionConfigurationPlatforms) = preSolution
		Debug|Any CPU = Debug|Any CPU
		Release|Any CPU = Release|Any CPU
	EndGlobalSection
	GlobalSection(ProjectConfigurationPlatforms) = postSolution
		{25269E1B-542D-09CB-384A-3030E507A81F}.Debug|Any CPU.ActiveCfg = Debug|Any CPU
		{25269E1B-542D-09CB-384A-3030E507A81F}.Debug|Any CPU.Build.0 = Debug|Any CPU
		{25269E1B-542D-09CB-384A-3030E507A81F}.Release|Any CPU.ActiveCfg = Release|Any CPU
		{25269E1B-542D-09CB-384A-3030E507A81F}.Release|Any CPU.Build.0 = Release|Any CPU
	EndGlobalSection
	GlobalSection(SolutionProperties) = preSolution
		HideSolutionNode = FALSE
	EndGlobalSection
	GlobalSection(ExtensibilityGlobals) = postSolution
		SolutionGuid = {2644BD63-E92E-4B17-81DF-62251F444FB2}
	EndGlobalSection
EndGlobal
